
Microsoft Visual Studio Solution File, Format Version 12.00
# Visual Studio Version 17
VisualStudioVersion = 17.5.002.0
MinimumVisualStudioVersion = 10.0.40219.1
Project("{9A19103F-16F7-4668-BE54-9A1E7A4F7556}") = "mod", ".vscode\mod.csproj", "{DEF94F6B-AADA-4269-ABB2-449CF4BAAA37}"
EndProject
Global
	GlobalSection(SolutionConfigurationPlatforms) = preSolution
		Debug|Any CPU = Debug|Any CPU
		Release|Any CPU = Release|Any CPU
	EndGlobalSection
	GlobalSection(ProjectConfigurationPlatforms) = postSolution
		{DEF94F6B-AADA-4269-ABB2-449CF4BAAA37}.Debug|Any CPU.ActiveCfg = Debug|Any CPU
		{DEF94F6B-AADA-4269-ABB2-449CF4BAAA37}.Debug|Any CPU.Build.0 = Debug|Any CPU
		{DEF94F6B-AADA-4269-ABB2-449CF4BAAA37}.Release|Any CPU.ActiveCfg = Release|Any CPU
		{DEF94F6B-AADA-4269-ABB2-449CF4BAAA37}.Release|Any CPU.Build.0 = Release|Any CPU
	EndGlobalSection
	GlobalSection(SolutionProperties) = preSolution
		HideSolutionNode = FALSE
	EndGlobalSection
	GlobalSection(ExtensibilityGlobals) = postSolution
		SolutionGuid = {83B3970F-B5A4-4CC1-8AD9-A1638082AC1B}
	EndGlobalSection
EndGlobal
